<?xml version="1.0" encoding="utf-8"?>
<Project ToolsVersion="4.0" xmlns="http://schemas.microsoft.com/developer/msbuild/2003">
  <ItemGroup>
    <ClCompile Include="$(MSBuildThisFileDirectory)Application.cpp" />
    <ClCompile Include="$(MSBuildThisFileDirectory)Entity.cpp" />
    <ClCompile Include="$(MSBuildThisFileDirectory)GameObject.cpp" />
    <ClCompile Include="$(MSBuildThisFileDirectory)Input.cpp" />
    <ClCompile Include="$(MSBuildThisFileDirectory)Monster.cpp" />
    <ClCompile Include="$(MSBuildThisFileDirectory)Npc.cpp" />
    <ClCompile Include="$(MSBuildThisFileDirectory)Player.cpp" />
    <ClCompile Include="$(MSBuildThisFileDirectory)TimeUtils.cpp" />
    <ClCompile Include="$(MSBuildThisFileDirectory)Item.cpp">
      <Filter>Item</Filter>
    </ClCompile>
    <ClCompile Include="$(MSBuildThisFileDirectory)Equipment.cpp">
      <Filter>Item</Filter>
    </ClCompile>
    <ClCompile Include="$(MSBuildThisFileDirectory)Consumables.cpp">
      <Filter>Item</Filter>
    </ClCompile>
    <ClCompile Include="$(MSBuildThisFileDirectory)Miscellaneous.cpp">
      <Filter>Item</Filter>
    </ClCompile>
    <ClCompile Include="$(MSBuildThisFileDirectory)Meso.cpp">
      <Filter>Item</Filter>
    </ClCompile>
    <ClCompile Include="$(MSBuildThisFileDirectory)Skill.cpp">
      <Filter>Skill</Filter>
    </ClCompile>
    <ClCompile Include="$(MSBuildThisFileDirectory)LuckySeven.cpp">
      <Filter>Skill</Filter>
    </ClCompile>
    <ClCompile Include="$(MSBuildThisFileDirectory)Inventory.cpp">
      <Filter>Item</Filter>
    </ClCompile>
    <ClCompile Include="$(MSBuildThisFileDirectory)Shuriken.cpp">
      <Filter>Item</Filter>
    </ClCompile>
    <ClCompile Include="$(MSBuildThisFileDirectory)Projectile.cpp" />
    <ClCompile Include="$(MSBuildThisFileDirectory)HuntingScene.cpp">
      <Filter>Scene</Filter>
    </ClCompile>
    <ClCompile Include="$(MSBuildThisFileDirectory)VillageScene.cpp">
      <Filter>Scene</Filter>
    </ClCompile>
    <ClCompile Include="$(MSBuildThisFileDirectory)SceneManager.cpp">
      <Filter>Scene</Filter>
    </ClCompile>
    <ClCompile Include="$(MSBuildThisFileDirectory)Scene.cpp">
      <Filter>Scene</Filter>
    </ClCompile>
    <ClCompile Include="$(MSBuildThisFileDirectory)SpriteRenderer.cpp" />
    <ClCompile Include="$(MSBuildThisFileDirectory)Layer.cpp">
      <Filter>Scene</Filter>
    </ClCompile>
    <ClCompile Include="$(MSBuildThisFileDirectory)Physics.cpp">
      <Filter>Component</Filter>
    </ClCompile>
    <ClCompile Include="$(MSBuildThisFileDirectory)Component\Transform.cpp">
      <Filter>Component</Filter>
    </ClCompile>
    <ClCompile Include="$(MSBuildThisFileDirectory)Component\Component.cpp">
      <Filter>Component</Filter>
    </ClCompile>
    <ClCompile Include="$(MSBuildThisFileDirectory)Component\PlayerBehaviour.cpp">
      <Filter>Component</Filter>
    </ClCompile>
  </ItemGroup>
  <ItemGroup>
    <ClInclude Include="$(MSBuildThisFileDirectory)Application.h" />
    <ClInclude Include="$(MSBuildThisFileDirectory)Entity.h" />
    <ClInclude Include="$(MSBuildThisFileDirectory)GameObject.h" />
    <ClInclude Include="$(MSBuildThisFileDirectory)Input.h" />
    <ClInclude Include="$(MSBuildThisFileDirectory)Monster.h" />
    <ClInclude Include="$(MSBuildThisFileDirectory)Npc.h" />
    <ClInclude Include="$(MSBuildThisFileDirectory)MathTypes.h" />
    <ClInclude Include="$(MSBuildThisFileDirectory)Player.h" />
    <ClInclude Include="$(MSBuildThisFileDirectory)TimeUtils.h" />
    <ClInclude Include="$(MSBuildThisFileDirectory)Item.h">
      <Filter>Item</Filter>
    </ClInclude>
    <ClInclude Include="$(MSBuildThisFileDirectory)Equipment.h">
      <Filter>Item</Filter>
    </ClInclude>
    <ClInclude Include="$(MSBuildThisFileDirectory)Consumables.h">
      <Filter>Item</Filter>
    </ClInclude>
    <ClInclude Include="$(MSBuildThisFileDirectory)Miscellaneous.h">
      <Filter>Item</Filter>
    </ClInclude>
    <ClInclude Include="$(MSBuildThisFileDirectory)Meso.h">
      <Filter>Item</Filter>
    </ClInclude>
    <ClInclude Include="$(MSBuildThisFileDirectory)Skill.h">
      <Filter>Skill</Filter>
    </ClInclude>
    <ClInclude Include="$(MSBuildThisFileDirectory)LuckySeven.h">
      <Filter>Skill</Filter>
    </ClInclude>
    <ClInclude Include="$(MSBuildThisFileDirectory)Inventory.h">
      <Filter>Item</Filter>
    </ClInclude>
    <ClInclude Include="$(MSBuildThisFileDirectory)Shuriken.h">
      <Filter>Item</Filter>
    </ClInclude>
    <ClInclude Include="$(MSBuildThisFileDirectory)DamageUtils.h" />
    <ClInclude Include="$(MSBuildThisFileDirectory)Projectile.h" />
    <ClInclude Include="$(MSBuildThisFileDirectory)HuntingScene.h">
      <Filter>Scene</Filter>
    </ClInclude>
    <ClInclude Include="$(MSBuildThisFileDirectory)VillageScene.h">
      <Filter>Scene</Filter>
    </ClInclude>
    <ClInclude Include="$(MSBuildThisFileDirectory)SceneManager.h">
      <Filter>Scene</Filter>
    </ClInclude>
    <ClInclude Include="$(MSBuildThisFileDirectory)Scene.h">
      <Filter>Scene</Filter>
    </ClInclude>
    <ClInclude Include="$(MSBuildThisFileDirectory)SpriteRenderer.h" />
    <ClInclude Include="$(MSBuildThisFileDirectory)Component\Physics.h">
      <Filter>Component</Filter>
    </ClInclude>
    <ClInclude Include="$(MSBuildThisFileDirectory)Component\Transform.h">
      <Filter>Component</Filter>
    </ClInclude>
    <ClInclude Include="$(MSBuildThisFileDirectory)Component\Component.h">
      <Filter>Component</Filter>
    </ClInclude>
    <ClInclude Include="$(MSBuildThisFileDirectory)Layer.h">
      <Filter>Scene</Filter>
    </ClInclude>
    <ClInclude Include="$(MSBuildThisFileDirectory)Component\PlayerBehaviour.h">
      <Filter>Component</Filter>
    </ClInclude>
  </ItemGroup>
  <ItemGroup>
    <Filter Include="Item">
      <UniqueIdentifier>{e1f86ef8-a0e6-4804-b11a-4c1816fd30f7}</UniqueIdentifier>
    </Filter>
    <Filter Include="Skill">
      <UniqueIdentifier>{93a4333e-d880-4069-b826-c30082816f28}</UniqueIdentifier>
    </Filter>
    <Filter Include="Scene">
      <UniqueIdentifier>{1b32180b-5997-473e-8a79-670ea02e8102}</UniqueIdentifier>
    </Filter>
    <Filter Include="Component">
      <UniqueIdentifier>{a94a2383-dd8a-476d-905c-e9898c263ed9}</UniqueIdentifier>
    </Filter>
  </ItemGroup>
  <ItemGroup>
    <None Include="$(MSBuildThisFileDirectory).clang-format" />
  </ItemGroup>
</Project>